// !$*UTF8*$!
{
	archiveVersion = 1;
	classes = {
	};
	objectVersion = 55;
	objects = {

/* Begin PBXBuildFile section */
		BE2CC06129684D4700C5F022 /* ArraySlice.swift in Sources */ = {isa = PBXBuildFile; fileRef = BE2CC06029684D4700C5F022 /* ArraySlice.swift */; };
		BE314BA629400D7600B54249 /* KycDaoViewController.swift in Sources */ = {isa = PBXBuildFile; fileRef = BE314B9D29400CD000B54249 /* KycDaoViewController.swift */; };
		BE314BA729400D7B00B54249 /* StartMintingViewController.swift in Sources */ = {isa = PBXBuildFile; fileRef = BE314B9C29400CD000B54249 /* StartMintingViewController.swift */; };
		BE314BA829400D7E00B54249 /* MintNFTViewController.swift in Sources */ = {isa = PBXBuildFile; fileRef = BE314B9A29400CD000B54249 /* MintNFTViewController.swift */; };
		BE314BA929400D8200B54249 /* InformationRequestViewController.swift in Sources */ = {isa = PBXBuildFile; fileRef = BE314B9829400CD000B54249 /* InformationRequestViewController.swift */; };
		BE314BAA29400D8A00B54249 /* SelectNFTImageViewController.swift in Sources */ = {isa = PBXBuildFile; fileRef = BE314B9529400CD000B54249 /* SelectNFTImageViewController.swift */; };
		BE314BAB29400D8A00B54249 /* NFTPreviewImage.swift in Sources */ = {isa = PBXBuildFile; fileRef = BE314B9629400CD000B54249 /* NFTPreviewImage.swift */; };
		BE314BAC29400D9C00B54249 /* WalletCell.swift in Sources */ = {isa = PBXBuildFile; fileRef = BE314B8E29400CD000B54249 /* WalletCell.swift */; };
		BE314BAD29400D9C00B54249 /* AuthorizeMintingViewController.swift in Sources */ = {isa = PBXBuildFile; fileRef = BE314B9129400CD000B54249 /* AuthorizeMintingViewController.swift */; };
		BE314BAE29400D9C00B54249 /* PersonaViewController.swift in Sources */ = {isa = PBXBuildFile; fileRef = BE314B8929400CD000B54249 /* PersonaViewController.swift */; };
		BE314BAF29400D9C00B54249 /* PersonaCompletePage.swift in Sources */ = {isa = PBXBuildFile; fileRef = BE314B9329400CD000B54249 /* PersonaCompletePage.swift */; };
		BE314BB029400D9C00B54249 /* SelectAccountViewController.swift in Sources */ = {isa = PBXBuildFile; fileRef = BE314B8B29400CD000B54249 /* SelectAccountViewController.swift */; };
		BE314BB129400D9C00B54249 /* ConnectWalletViewController.swift in Sources */ = {isa = PBXBuildFile; fileRef = BE314B8D29400CD000B54249 /* ConnectWalletViewController.swift */; };
		BE314BB229400D9C00B54249 /* WalletIconView.swift in Sources */ = {isa = PBXBuildFile; fileRef = BE314B8F29400CD000B54249 /* WalletIconView.swift */; };
		BE314BB329400DAC00B54249 /* CreateSignatureViewController.swift in Sources */ = {isa = PBXBuildFile; fileRef = BE314BA129400CD000B54249 /* CreateSignatureViewController.swift */; };
		BE314BB429400DAC00B54249 /* MintingInProgressViewController.swift in Sources */ = {isa = PBXBuildFile; fileRef = BE314B9F29400CD000B54249 /* MintingInProgressViewController.swift */; };
		BE314BB529400DAC00B54249 /* ConfirmEmailViewController.swift in Sources */ = {isa = PBXBuildFile; fileRef = BE314BA529400CD000B54249 /* ConfirmEmailViewController.swift */; };
		BE314BB629400DAC00B54249 /* SelectMembershipViewController.swift in Sources */ = {isa = PBXBuildFile; fileRef = BE314BA329400CD000B54249 /* SelectMembershipViewController.swift */; };
		BE314BB929400EA900B54249 /* UIButton.swift in Sources */ = {isa = PBXBuildFile; fileRef = BE314BB829400EA900B54249 /* UIButton.swift */; };
		BE314BBB29400F8400B54249 /* SimpleButton.swift in Sources */ = {isa = PBXBuildFile; fileRef = BE314BBA29400F8400B54249 /* SimpleButton.swift */; };
		BE314BBD29400FD300B54249 /* Collection.swift in Sources */ = {isa = PBXBuildFile; fileRef = BE314BBC29400FD300B54249 /* Collection.swift */; };
		BE314BBF2940105000B54249 /* NSMutableAttributedString.swift in Sources */ = {isa = PBXBuildFile; fileRef = BE314BBE2940105000B54249 /* NSMutableAttributedString.swift */; };
		BE314BC12940106D00B54249 /* String.swift in Sources */ = {isa = PBXBuildFile; fileRef = BE314BC02940106D00B54249 /* String.swift */; };
		BE4844F7285C92D800B3A6F7 /* KycDao in Frameworks */ = {isa = PBXBuildFile; productRef = BE4844F6285C92D800B3A6F7 /* KycDao */; };
		BE4844F9285C976800B3A6F7 /* AppDelegate.swift in Sources */ = {isa = PBXBuildFile; fileRef = BE4844F8285C976800B3A6F7 /* AppDelegate.swift */; };
		BE4844FB285C977C00B3A6F7 /* SceneDelegate.swift in Sources */ = {isa = PBXBuildFile; fileRef = BE4844FA285C977C00B3A6F7 /* SceneDelegate.swift */; };
		BE4844FE285C9A2A00B3A6F7 /* MainViewController.swift in Sources */ = {isa = PBXBuildFile; fileRef = BE4844FD285C9A2A00B3A6F7 /* MainViewController.swift */; };
		D95C08BC277D8AA20016A10F /* Assets.xcassets in Resources */ = {isa = PBXBuildFile; fileRef = D95C08BB277D8AA20016A10F /* Assets.xcassets */; };
		D95C08BF277D8AA20016A10F /* Preview Assets.xcassets in Resources */ = {isa = PBXBuildFile; fileRef = D95C08BE277D8AA20016A10F /* Preview Assets.xcassets */; };
/* End PBXBuildFile section */

/* Begin PBXFileReference section */
		BE2CC06029684D4700C5F022 /* ArraySlice.swift */ = {isa = PBXFileReference; lastKnownFileType = sourcecode.swift; path = ArraySlice.swift; sourceTree = "<group>"; };
		BE314B8929400CD000B54249 /* PersonaViewController.swift */ = {isa = PBXFileReference; lastKnownFileType = sourcecode.swift; path = PersonaViewController.swift; sourceTree = "<group>"; };
		BE314B8B29400CD000B54249 /* SelectAccountViewController.swift */ = {isa = PBXFileReference; lastKnownFileType = sourcecode.swift; path = SelectAccountViewController.swift; sourceTree = "<group>"; };
		BE314B8D29400CD000B54249 /* ConnectWalletViewController.swift */ = {isa = PBXFileReference; lastKnownFileType = sourcecode.swift; path = ConnectWalletViewController.swift; sourceTree = "<group>"; };
		BE314B8E29400CD000B54249 /* WalletCell.swift */ = {isa = PBXFileReference; lastKnownFileType = sourcecode.swift; path = WalletCell.swift; sourceTree = "<group>"; };
		BE314B8F29400CD000B54249 /* WalletIconView.swift */ = {isa = PBXFileReference; lastKnownFileType = sourcecode.swift; path = WalletIconView.swift; sourceTree = "<group>"; };
		BE314B9129400CD000B54249 /* AuthorizeMintingViewController.swift */ = {isa = PBXFileReference; lastKnownFileType = sourcecode.swift; path = AuthorizeMintingViewController.swift; sourceTree = "<group>"; };
		BE314B9329400CD000B54249 /* PersonaCompletePage.swift */ = {isa = PBXFileReference; lastKnownFileType = sourcecode.swift; path = PersonaCompletePage.swift; sourceTree = "<group>"; };
		BE314B9529400CD000B54249 /* SelectNFTImageViewController.swift */ = {isa = PBXFileReference; lastKnownFileType = sourcecode.swift; path = SelectNFTImageViewController.swift; sourceTree = "<group>"; };
		BE314B9629400CD000B54249 /* NFTPreviewImage.swift */ = {isa = PBXFileReference; lastKnownFileType = sourcecode.swift; path = NFTPreviewImage.swift; sourceTree = "<group>"; };
		BE314B9829400CD000B54249 /* InformationRequestViewController.swift */ = {isa = PBXFileReference; lastKnownFileType = sourcecode.swift; path = InformationRequestViewController.swift; sourceTree = "<group>"; };
		BE314B9A29400CD000B54249 /* MintNFTViewController.swift */ = {isa = PBXFileReference; lastKnownFileType = sourcecode.swift; path = MintNFTViewController.swift; sourceTree = "<group>"; };
		BE314B9C29400CD000B54249 /* StartMintingViewController.swift */ = {isa = PBXFileReference; lastKnownFileType = sourcecode.swift; path = StartMintingViewController.swift; sourceTree = "<group>"; };
		BE314B9D29400CD000B54249 /* KycDaoViewController.swift */ = {isa = PBXFileReference; lastKnownFileType = sourcecode.swift; path = KycDaoViewController.swift; sourceTree = "<group>"; };
		BE314B9F29400CD000B54249 /* MintingInProgressViewController.swift */ = {isa = PBXFileReference; lastKnownFileType = sourcecode.swift; path = MintingInProgressViewController.swift; sourceTree = "<group>"; };
		BE314BA129400CD000B54249 /* CreateSignatureViewController.swift */ = {isa = PBXFileReference; lastKnownFileType = sourcecode.swift; path = CreateSignatureViewController.swift; sourceTree = "<group>"; };
		BE314BA329400CD000B54249 /* SelectMembershipViewController.swift */ = {isa = PBXFileReference; lastKnownFileType = sourcecode.swift; path = SelectMembershipViewController.swift; sourceTree = "<group>"; };
		BE314BA529400CD000B54249 /* ConfirmEmailViewController.swift */ = {isa = PBXFileReference; lastKnownFileType = sourcecode.swift; path = ConfirmEmailViewController.swift; sourceTree = "<group>"; };
		BE314BB829400EA900B54249 /* UIButton.swift */ = {isa = PBXFileReference; lastKnownFileType = sourcecode.swift; path = UIButton.swift; sourceTree = "<group>"; };
		BE314BBA29400F8400B54249 /* SimpleButton.swift */ = {isa = PBXFileReference; lastKnownFileType = sourcecode.swift; path = SimpleButton.swift; sourceTree = "<group>"; };
		BE314BBC29400FD300B54249 /* Collection.swift */ = {isa = PBXFileReference; lastKnownFileType = sourcecode.swift; path = Collection.swift; sourceTree = "<group>"; };
		BE314BBE2940105000B54249 /* NSMutableAttributedString.swift */ = {isa = PBXFileReference; lastKnownFileType = sourcecode.swift; path = NSMutableAttributedString.swift; sourceTree = "<group>"; };
		BE314BC02940106D00B54249 /* String.swift */ = {isa = PBXFileReference; lastKnownFileType = sourcecode.swift; path = String.swift; sourceTree = "<group>"; };
		BE4844F8285C976800B3A6F7 /* AppDelegate.swift */ = {isa = PBXFileReference; lastKnownFileType = sourcecode.swift; path = AppDelegate.swift; sourceTree = "<group>"; };
		BE4844FA285C977C00B3A6F7 /* SceneDelegate.swift */ = {isa = PBXFileReference; lastKnownFileType = sourcecode.swift; path = SceneDelegate.swift; sourceTree = "<group>"; };
		BE4844FC285C97E000B3A6F7 /* iOS-Example-Info.plist */ = {isa = PBXFileReference; lastKnownFileType = text.plist; path = "iOS-Example-Info.plist"; sourceTree = "<group>"; };
		BE4844FD285C9A2A00B3A6F7 /* MainViewController.swift */ = {isa = PBXFileReference; lastKnownFileType = sourcecode.swift; path = MainViewController.swift; sourceTree = "<group>"; };
		D95C08B4277D8AA00016A10F /* iOS Example.app */ = {isa = PBXFileReference; explicitFileType = wrapper.application; includeInIndex = 0; path = "iOS Example.app"; sourceTree = BUILT_PRODUCTS_DIR; };
		D95C08BB277D8AA20016A10F /* Assets.xcassets */ = {isa = PBXFileReference; lastKnownFileType = folder.assetcatalog; path = Assets.xcassets; sourceTree = "<group>"; };
		D95C08BE277D8AA20016A10F /* Preview Assets.xcassets */ = {isa = PBXFileReference; lastKnownFileType = folder.assetcatalog; path = "Preview Assets.xcassets"; sourceTree = "<group>"; };
		D95C08C6277D8D140016A10F /* kycDAO-SDK */ = {isa = PBXFileReference; lastKnownFileType = folder; name = "kycDAO-SDK"; path = ..; sourceTree = "<group>"; };
/* End PBXFileReference section */

/* Begin PBXFrameworksBuildPhase section */
		D95C08B1277D8AA00016A10F /* Frameworks */ = {
			isa = PBXFrameworksBuildPhase;
			buildActionMask = 2147483647;
			files = (
				BE4844F7285C92D800B3A6F7 /* KycDao in Frameworks */,
			);
			runOnlyForDeploymentPostprocessing = 0;
		};
/* End PBXFrameworksBuildPhase section */

/* Begin PBXGroup section */
		BE314B8729400CD000B54249 /* UI */ = {
			isa = PBXGroup;
			children = (
				BE314B8829400CD000B54249 /* PersonaPage */,
				BE314B8A29400CD000B54249 /* SelectAccountPage */,
				BE314B8C29400CD000B54249 /* ConnectWalletPage */,
				BE314B9029400CD000B54249 /* AuthorizeMintingPage */,
				BE314B9229400CD000B54249 /* PersonaCompletePage */,
				BE314B9429400CD000B54249 /* SelectNFTImagePage */,
				BE314B9729400CD000B54249 /* InformationRequestPage */,
				BE314B9929400CD000B54249 /* MintNFTPage */,
				BE314B9B29400CD000B54249 /* StartMintingPage */,
				BE314B9D29400CD000B54249 /* KycDaoViewController.swift */,
				BE314B9E29400CD000B54249 /* MintingInProgressPage */,
				BE314BA029400CD000B54249 /* CreateSignaturePage */,
				BE314BA229400CD000B54249 /* SelectMembershipPage */,
				BE314BA429400CD000B54249 /* ConfirmEmailPage */,
				BE314BBA29400F8400B54249 /* SimpleButton.swift */,
			);
			path = UI;
			sourceTree = "<group>";
		};
		BE314B8829400CD000B54249 /* PersonaPage */ = {
			isa = PBXGroup;
			children = (
				BE314B8929400CD000B54249 /* PersonaViewController.swift */,
			);
			path = PersonaPage;
			sourceTree = "<group>";
		};
		BE314B8A29400CD000B54249 /* SelectAccountPage */ = {
			isa = PBXGroup;
			children = (
				BE314B8B29400CD000B54249 /* SelectAccountViewController.swift */,
			);
			path = SelectAccountPage;
			sourceTree = "<group>";
		};
		BE314B8C29400CD000B54249 /* ConnectWalletPage */ = {
			isa = PBXGroup;
			children = (
				BE314B8D29400CD000B54249 /* ConnectWalletViewController.swift */,
				BE314B8E29400CD000B54249 /* WalletCell.swift */,
				BE314B8F29400CD000B54249 /* WalletIconView.swift */,
			);
			path = ConnectWalletPage;
			sourceTree = "<group>";
		};
		BE314B9029400CD000B54249 /* AuthorizeMintingPage */ = {
			isa = PBXGroup;
			children = (
				BE314B9129400CD000B54249 /* AuthorizeMintingViewController.swift */,
			);
			path = AuthorizeMintingPage;
			sourceTree = "<group>";
		};
		BE314B9229400CD000B54249 /* PersonaCompletePage */ = {
			isa = PBXGroup;
			children = (
				BE314B9329400CD000B54249 /* PersonaCompletePage.swift */,
			);
			path = PersonaCompletePage;
			sourceTree = "<group>";
		};
		BE314B9429400CD000B54249 /* SelectNFTImagePage */ = {
			isa = PBXGroup;
			children = (
				BE314B9529400CD000B54249 /* SelectNFTImageViewController.swift */,
				BE314B9629400CD000B54249 /* NFTPreviewImage.swift */,
			);
			path = SelectNFTImagePage;
			sourceTree = "<group>";
		};
		BE314B9729400CD000B54249 /* InformationRequestPage */ = {
			isa = PBXGroup;
			children = (
				BE314B9829400CD000B54249 /* InformationRequestViewController.swift */,
			);
			path = InformationRequestPage;
			sourceTree = "<group>";
		};
		BE314B9929400CD000B54249 /* MintNFTPage */ = {
			isa = PBXGroup;
			children = (
				BE314B9A29400CD000B54249 /* MintNFTViewController.swift */,
			);
			path = MintNFTPage;
			sourceTree = "<group>";
		};
		BE314B9B29400CD000B54249 /* StartMintingPage */ = {
			isa = PBXGroup;
			children = (
				BE314B9C29400CD000B54249 /* StartMintingViewController.swift */,
			);
			path = StartMintingPage;
			sourceTree = "<group>";
		};
		BE314B9E29400CD000B54249 /* MintingInProgressPage */ = {
			isa = PBXGroup;
			children = (
				BE314B9F29400CD000B54249 /* MintingInProgressViewController.swift */,
			);
			path = MintingInProgressPage;
			sourceTree = "<group>";
		};
		BE314BA029400CD000B54249 /* CreateSignaturePage */ = {
			isa = PBXGroup;
			children = (
				BE314BA129400CD000B54249 /* CreateSignatureViewController.swift */,
			);
			path = CreateSignaturePage;
			sourceTree = "<group>";
		};
		BE314BA229400CD000B54249 /* SelectMembershipPage */ = {
			isa = PBXGroup;
			children = (
				BE314BA329400CD000B54249 /* SelectMembershipViewController.swift */,
			);
			path = SelectMembershipPage;
			sourceTree = "<group>";
		};
		BE314BA429400CD000B54249 /* ConfirmEmailPage */ = {
			isa = PBXGroup;
			children = (
				BE314BA529400CD000B54249 /* ConfirmEmailViewController.swift */,
			);
			path = ConfirmEmailPage;
			sourceTree = "<group>";
		};
		BE314BB729400E9700B54249 /* Extensions */ = {
			isa = PBXGroup;
			children = (
				BE2CC06029684D4700C5F022 /* ArraySlice.swift */,
				BE314BB829400EA900B54249 /* UIButton.swift */,
				BE314BBC29400FD300B54249 /* Collection.swift */,
				BE314BBE2940105000B54249 /* NSMutableAttributedString.swift */,
				BE314BC02940106D00B54249 /* String.swift */,
			);
			path = Extensions;
			sourceTree = "<group>";
		};
		D95C08AB277D8AA00016A10F = {
			isa = PBXGroup;
			children = (
				BE4844FC285C97E000B3A6F7 /* iOS-Example-Info.plist */,
				D95C08C5277D8D140016A10F /* Packages */,
				D95C08B6277D8AA00016A10F /* Sources */,
				D95C08B5277D8AA00016A10F /* Products */,
				D95C08C8277D91270016A10F /* Frameworks */,
			);
			sourceTree = "<group>";
		};
		D95C08B5277D8AA00016A10F /* Products */ = {
			isa = PBXGroup;
			children = (
				D95C08B4277D8AA00016A10F /* iOS Example.app */,
			);
			name = Products;
			sourceTree = "<group>";
		};
		D95C08B6277D8AA00016A10F /* Sources */ = {
			isa = PBXGroup;
			children = (
				BE314BB729400E9700B54249 /* Extensions */,
				BE314B8729400CD000B54249 /* UI */,
				D95C08BB277D8AA20016A10F /* Assets.xcassets */,
				D95C08BD277D8AA20016A10F /* Preview Content */,
				BE4844F8285C976800B3A6F7 /* AppDelegate.swift */,
				BE4844FD285C9A2A00B3A6F7 /* MainViewController.swift */,
				BE4844FA285C977C00B3A6F7 /* SceneDelegate.swift */,
			);
			path = Sources;
			sourceTree = "<group>";
		};
		D95C08BD277D8AA20016A10F /* Preview Content */ = {
			isa = PBXGroup;
			children = (
				D95C08BE277D8AA20016A10F /* Preview Assets.xcassets */,
			);
			path = "Preview Content";
			sourceTree = "<group>";
		};
		D95C08C5277D8D140016A10F /* Packages */ = {
			isa = PBXGroup;
			children = (
				D95C08C6277D8D140016A10F /* kycDAO-SDK */,
			);
			name = Packages;
			sourceTree = "<group>";
		};
		D95C08C8277D91270016A10F /* Frameworks */ = {
			isa = PBXGroup;
			children = (
			);
			name = Frameworks;
			sourceTree = "<group>";
		};
/* End PBXGroup section */

/* Begin PBXNativeTarget section */
		D95C08B3277D8AA00016A10F /* iOS Example */ = {
			isa = PBXNativeTarget;
			buildConfigurationList = D95C08C2277D8AA20016A10F /* Build configuration list for PBXNativeTarget "iOS Example" */;
			buildPhases = (
				D95C08B0277D8AA00016A10F /* Sources */,
				D95C08B1277D8AA00016A10F /* Frameworks */,
				D95C08B2277D8AA00016A10F /* Resources */,
			);
			buildRules = (
			);
			dependencies = (
			);
			name = "iOS Example";
			packageProductDependencies = (
				BE4844F6285C92D800B3A6F7 /* KycDao */,
			);
			productName = "iOS Example";
			productReference = D95C08B4277D8AA00016A10F /* iOS Example.app */;
			productType = "com.apple.product-type.application";
		};
/* End PBXNativeTarget section */

/* Begin PBXProject section */
		D95C08AC277D8AA00016A10F /* Project object */ = {
			isa = PBXProject;
			attributes = {
				BuildIndependentTargetsInParallel = 1;
				LastSwiftUpdateCheck = 1310;
				LastUpgradeCheck = 1310;
				TargetAttributes = {
					D95C08B3277D8AA00016A10F = {
						CreatedOnToolsVersion = 13.1;
					};
				};
			};
			buildConfigurationList = D95C08AF277D8AA00016A10F /* Build configuration list for PBXProject "iOS Example" */;
			compatibilityVersion = "Xcode 13.0";
			developmentRegion = en;
			hasScannedForEncodings = 0;
			knownRegions = (
				en,
				Base,
			);
			mainGroup = D95C08AB277D8AA00016A10F;
			productRefGroup = D95C08B5277D8AA00016A10F /* Products */;
			projectDirPath = "";
			projectRoot = "";
			targets = (
				D95C08B3277D8AA00016A10F /* iOS Example */,
			);
		};
/* End PBXProject section */

/* Begin PBXResourcesBuildPhase section */
		D95C08B2277D8AA00016A10F /* Resources */ = {
			isa = PBXResourcesBuildPhase;
			buildActionMask = 2147483647;
			files = (
				D95C08BF277D8AA20016A10F /* Preview Assets.xcassets in Resources */,
				D95C08BC277D8AA20016A10F /* Assets.xcassets in Resources */,
			);
			runOnlyForDeploymentPostprocessing = 0;
		};
/* End PBXResourcesBuildPhase section */

/* Begin PBXSourcesBuildPhase section */
		D95C08B0277D8AA00016A10F /* Sources */ = {
			isa = PBXSourcesBuildPhase;
			buildActionMask = 2147483647;
			files = (
				BE2CC06129684D4700C5F022 /* ArraySlice.swift in Sources */,
				BE314BAB29400D8A00B54249 /* NFTPreviewImage.swift in Sources */,
				BE314BAE29400D9C00B54249 /* PersonaViewController.swift in Sources */,
				BE314BB629400DAC00B54249 /* SelectMembershipViewController.swift in Sources */,
				BE314BB029400D9C00B54249 /* SelectAccountViewController.swift in Sources */,
				BE314BA929400D8200B54249 /* InformationRequestViewController.swift in Sources */,
				BE314BBB29400F8400B54249 /* SimpleButton.swift in Sources */,
				BE314BAC29400D9C00B54249 /* WalletCell.swift in Sources */,
				BE314BB529400DAC00B54249 /* ConfirmEmailViewController.swift in Sources */,
				BE314BB329400DAC00B54249 /* CreateSignatureViewController.swift in Sources */,
				BE4844FE285C9A2A00B3A6F7 /* MainViewController.swift in Sources */,
				BE314BB429400DAC00B54249 /* MintingInProgressViewController.swift in Sources */,
				BE4844F9285C976800B3A6F7 /* AppDelegate.swift in Sources */,
				BE314BB929400EA900B54249 /* UIButton.swift in Sources */,
				BE314BAA29400D8A00B54249 /* SelectNFTImageViewController.swift in Sources */,
				BE4844FB285C977C00B3A6F7 /* SceneDelegate.swift in Sources */,
				BE314BB129400D9C00B54249 /* ConnectWalletViewController.swift in Sources */,
				BE314BA829400D7E00B54249 /* MintNFTViewController.swift in Sources */,
				BE314BC12940106D00B54249 /* String.swift in Sources */,
				BE314BA729400D7B00B54249 /* StartMintingViewController.swift in Sources */,
				BE314BB229400D9C00B54249 /* WalletIconView.swift in Sources */,
				BE314BBD29400FD300B54249 /* Collection.swift in Sources */,
				BE314BBF2940105000B54249 /* NSMutableAttributedString.swift in Sources */,
				BE314BAF29400D9C00B54249 /* PersonaCompletePage.swift in Sources */,
				BE314BA629400D7600B54249 /* KycDaoViewController.swift in Sources */,
				BE314BAD29400D9C00B54249 /* AuthorizeMintingViewController.swift in Sources */,
			);
			runOnlyForDeploymentPostprocessing = 0;
		};
/* End PBXSourcesBuildPhase section */

/* Begin XCBuildConfiguration section */
		D95C08C0277D8AA20016A10F /* Debug */ = {
			isa = XCBuildConfiguration;
			buildSettings = {
				ALWAYS_SEARCH_USER_PATHS = NO;
				CLANG_ANALYZER_NONNULL = YES;
				CLANG_ANALYZER_NUMBER_OBJECT_CONVERSION = YES_AGGRESSIVE;
				CLANG_CXX_LANGUAGE_STANDARD = "gnu++17";
				CLANG_CXX_LIBRARY = "libc++";
				CLANG_ENABLE_MODULES = YES;
				CLANG_ENABLE_OBJC_ARC = YES;
				CLANG_ENABLE_OBJC_WEAK = YES;
				CLANG_WARN_BLOCK_CAPTURE_AUTORELEASING = YES;
				CLANG_WARN_BOOL_CONVERSION = YES;
				CLANG_WARN_COMMA = YES;
				CLANG_WARN_CONSTANT_CONVERSION = YES;
				CLANG_WARN_DEPRECATED_OBJC_IMPLEMENTATIONS = YES;
				CLANG_WARN_DIRECT_OBJC_ISA_USAGE = YES_ERROR;
				CLANG_WARN_DOCUMENTATION_COMMENTS = YES;
				CLANG_WARN_EMPTY_BODY = YES;
				CLANG_WARN_ENUM_CONVERSION = YES;
				CLANG_WARN_INFINITE_RECURSION = YES;
				CLANG_WARN_INT_CONVERSION = YES;
				CLANG_WARN_NON_LITERAL_NULL_CONVERSION = YES;
				CLANG_WARN_OBJC_IMPLICIT_RETAIN_SELF = YES;
				CLANG_WARN_OBJC_LITERAL_CONVERSION = YES;
				CLANG_WARN_OBJC_ROOT_CLASS = YES_ERROR;
				CLANG_WARN_QUOTED_INCLUDE_IN_FRAMEWORK_HEADER = YES;
				CLANG_WARN_RANGE_LOOP_ANALYSIS = YES;
				CLANG_WARN_STRICT_PROTOTYPES = YES;
				CLANG_WARN_SUSPICIOUS_MOVE = YES;
				CLANG_WARN_UNGUARDED_AVAILABILITY = YES_AGGRESSIVE;
				CLANG_WARN_UNREACHABLE_CODE = YES;
				CLANG_WARN__DUPLICATE_METHOD_MATCH = YES;
				COPY_PHASE_STRIP = NO;
				DEBUG_INFORMATION_FORMAT = dwarf;
				ENABLE_STRICT_OBJC_MSGSEND = YES;
				ENABLE_TESTABILITY = YES;
				GCC_C_LANGUAGE_STANDARD = gnu11;
				GCC_DYNAMIC_NO_PIC = NO;
				GCC_NO_COMMON_BLOCKS = YES;
				GCC_OPTIMIZATION_LEVEL = 0;
				GCC_PREPROCESSOR_DEFINITIONS = (
					"DEBUG=1",
					"$(inherited)",
				);
				GCC_WARN_64_TO_32_BIT_CONVERSION = YES;
				GCC_WARN_ABOUT_RETURN_TYPE = YES_ERROR;
				GCC_WARN_UNDECLARED_SELECTOR = YES;
				GCC_WARN_UNINITIALIZED_AUTOS = YES_AGGRESSIVE;
				GCC_WARN_UNUSED_FUNCTION = YES;
				GCC_WARN_UNUSED_VARIABLE = YES;
				IPHONEOS_DEPLOYMENT_TARGET = 15.0;
				MTL_ENABLE_DEBUG_INFO = INCLUDE_SOURCE;
				MTL_FAST_MATH = YES;
				ONLY_ACTIVE_ARCH = YES;
				SDKROOT = iphoneos;
				SWIFT_ACTIVE_COMPILATION_CONDITIONS = DEBUG;
				SWIFT_OPTIMIZATION_LEVEL = "-Onone";
			};
			name = Debug;
		};
		D95C08C1277D8AA20016A10F /* Release */ = {
			isa = XCBuildConfiguration;
			buildSettings = {
				ALWAYS_SEARCH_USER_PATHS = NO;
				CLANG_ANALYZER_NONNULL = YES;
				CLANG_ANALYZER_NUMBER_OBJECT_CONVERSION = YES_AGGRESSIVE;
				CLANG_CXX_LANGUAGE_STANDARD = "gnu++17";
				CLANG_CXX_LIBRARY = "libc++";
				CLANG_ENABLE_MODULES = YES;
				CLANG_ENABLE_OBJC_ARC = YES;
				CLANG_ENABLE_OBJC_WEAK = YES;
				CLANG_WARN_BLOCK_CAPTURE_AUTORELEASING = YES;
				CLANG_WARN_BOOL_CONVERSION = YES;
				CLANG_WARN_COMMA = YES;
				CLANG_WARN_CONSTANT_CONVERSION = YES;
				CLANG_WARN_DEPRECATED_OBJC_IMPLEMENTATIONS = YES;
				CLANG_WARN_DIRECT_OBJC_ISA_USAGE = YES_ERROR;
				CLANG_WARN_DOCUMENTATION_COMMENTS = YES;
				CLANG_WARN_EMPTY_BODY = YES;
				CLANG_WARN_ENUM_CONVERSION = YES;
				CLANG_WARN_INFINITE_RECURSION = YES;
				CLANG_WARN_INT_CONVERSION = YES;
				CLANG_WARN_NON_LITERAL_NULL_CONVERSION = YES;
				CLANG_WARN_OBJC_IMPLICIT_RETAIN_SELF = YES;
				CLANG_WARN_OBJC_LITERAL_CONVERSION = YES;
				CLANG_WARN_OBJC_ROOT_CLASS = YES_ERROR;
				CLANG_WARN_QUOTED_INCLUDE_IN_FRAMEWORK_HEADER = YES;
				CLANG_WARN_RANGE_LOOP_ANALYSIS = YES;
				CLANG_WARN_STRICT_PROTOTYPES = YES;
				CLANG_WARN_SUSPICIOUS_MOVE = YES;
				CLANG_WARN_UNGUARDED_AVAILABILITY = YES_AGGRESSIVE;
				CLANG_WARN_UNREACHABLE_CODE = YES;
				CLANG_WARN__DUPLICATE_METHOD_MATCH = YES;
				COPY_PHASE_STRIP = NO;
				DEBUG_INFORMATION_FORMAT = "dwarf-with-dsym";
				ENABLE_NS_ASSERTIONS = NO;
				ENABLE_STRICT_OBJC_MSGSEND = YES;
				GCC_C_LANGUAGE_STANDARD = gnu11;
				GCC_NO_COMMON_BLOCKS = YES;
				GCC_WARN_64_TO_32_BIT_CONVERSION = YES;
				GCC_WARN_ABOUT_RETURN_TYPE = YES_ERROR;
				GCC_WARN_UNDECLARED_SELECTOR = YES;
				GCC_WARN_UNINITIALIZED_AUTOS = YES_AGGRESSIVE;
				GCC_WARN_UNUSED_FUNCTION = YES;
				GCC_WARN_UNUSED_VARIABLE = YES;
				IPHONEOS_DEPLOYMENT_TARGET = 15.0;
				MTL_ENABLE_DEBUG_INFO = NO;
				MTL_FAST_MATH = YES;
				SDKROOT = iphoneos;
				SWIFT_COMPILATION_MODE = wholemodule;
				SWIFT_OPTIMIZATION_LEVEL = "-O";
				VALIDATE_PRODUCT = YES;
			};
			name = Release;
		};
		D95C08C3277D8AA20016A10F /* Debug */ = {
			isa = XCBuildConfiguration;
			buildSettings = {
				ASSETCATALOG_COMPILER_APPICON_NAME = AppIcon;
				ASSETCATALOG_COMPILER_GLOBAL_ACCENT_COLOR_NAME = AccentColor;
				CODE_SIGN_STYLE = Automatic;
				CURRENT_PROJECT_VERSION = 1;
				DEVELOPMENT_ASSET_PATHS = "\"Sources/Preview Content\"";
				DEVELOPMENT_TEAM = 6HRLMQGMGT;
				ENABLE_PREVIEWS = YES;
				GENERATE_INFOPLIST_FILE = YES;
				INFOPLIST_FILE = "iOS-Example-Info.plist";
				INFOPLIST_KEY_NSCameraUsageDescription = "Identity verification requires camera access";
				INFOPLIST_KEY_NSPhotoLibraryUsageDescription = "Identity verification requires photo library access";
				INFOPLIST_KEY_UIApplicationSupportsIndirectInputEvents = YES;
				INFOPLIST_KEY_UILaunchScreen_Generation = YES;
				INFOPLIST_KEY_UISupportedInterfaceOrientations_iPad = "UIInterfaceOrientationPortrait UIInterfaceOrientationPortraitUpsideDown UIInterfaceOrientationLandscapeLeft UIInterfaceOrientationLandscapeRight";
				INFOPLIST_KEY_UISupportedInterfaceOrientations_iPhone = "UIInterfaceOrientationPortrait UIInterfaceOrientationLandscapeLeft UIInterfaceOrientationLandscapeRight";
				LD_RUNPATH_SEARCH_PATHS = (
					"$(inherited)",
					"@executable_path/Frameworks",
				);
				MARKETING_VERSION = 1.0;
				PRODUCT_BUNDLE_IDENTIFIER = "xyz.kycdao.iOS-Example";
				PRODUCT_NAME = "$(TARGET_NAME)";
				SWIFT_EMIT_LOC_STRINGS = YES;
				SWIFT_VERSION = 5.0;
				TARGETED_DEVICE_FAMILY = "1,2";
			};
			name = Debug;
		};
		D95C08C4277D8AA20016A10F /* Release */ = {
			isa = XCBuildConfiguration;
			buildSettings = {
				ASSETCATALOG_COMPILER_APPICON_NAME = AppIcon;
				ASSETCATALOG_COMPILER_GLOBAL_ACCENT_COLOR_NAME = AccentColor;
				CODE_SIGN_STYLE = Automatic;
				CURRENT_PROJECT_VERSION = 1;
				DEVELOPMENT_ASSET_PATHS = "\"Sources/Preview Content\"";
				DEVELOPMENT_TEAM = 6HRLMQGMGT;
				ENABLE_PREVIEWS = YES;
				GENERATE_INFOPLIST_FILE = YES;
				INFOPLIST_FILE = "iOS-Example-Info.plist";
				INFOPLIST_KEY_NSCameraUsageDescription = "Identity verification requires camera access";
				INFOPLIST_KEY_NSPhotoLibraryUsageDescription = "Identity verification requires photo library access";
				INFOPLIST_KEY_UIApplicationSupportsIndirectInputEvents = YES;
				INFOPLIST_KEY_UILaunchScreen_Generation = YES;
				INFOPLIST_KEY_UISupportedInterfaceOrientations_iPad = "UIInterfaceOrientationPortrait UIInterfaceOrientationPortraitUpsideDown UIInterfaceOrientationLandscapeLeft UIInterfaceOrientationLandscapeRight";
				INFOPLIST_KEY_UISupportedInterfaceOrientations_iPhone = "UIInterfaceOrientationPortrait UIInterfaceOrientationLandscapeLeft UIInterfaceOrientationLandscapeRight";
				LD_RUNPATH_SEARCH_PATHS = (
					"$(inherited)",
					"@executable_path/Frameworks",
				);
				MARKETING_VERSION = 1.0;
				PRODUCT_BUNDLE_IDENTIFIER = "xyz.kycdao.iOS-Example";
				PRODUCT_NAME = "$(TARGET_NAME)";
				SWIFT_EMIT_LOC_STRINGS = YES;
				SWIFT_VERSION = 5.0;
				TARGETED_DEVICE_FAMILY = "1,2";
			};
			name = Release;
		};
/* End XCBuildConfiguration section */

/* Begin XCConfigurationList section */
		D95C08AF277D8AA00016A10F /* Build configuration list for PBXProject "iOS Example" */ = {
			isa = XCConfigurationList;
			buildConfigurations = (
				D95C08C0277D8AA20016A10F /* Debug */,
				D95C08C1277D8AA20016A10F /* Release */,
			);
			defaultConfigurationIsVisible = 0;
			defaultConfigurationName = Release;
		};
		D95C08C2277D8AA20016A10F /* Build configuration list for PBXNativeTarget "iOS Example" */ = {
			isa = XCConfigurationList;
			buildConfigurations = (
				D95C08C3277D8AA20016A10F /* Debug */,
				D95C08C4277D8AA20016A10F /* Release */,
			);
			defaultConfigurationIsVisible = 0;
			defaultConfigurationName = Release;
		};
/* End XCConfigurationList section */

/* Begin XCSwiftPackageProductDependency section */
		BE4844F6285C92D800B3A6F7 /* KycDao */ = {
			isa = XCSwiftPackageProductDependency;
			productName = KycDao;
		};
/* End XCSwiftPackageProductDependency section */
	};
	rootObject = D95C08AC277D8AA00016A10F /* Project object */;
}
